
Microsoft Visual Studio Solution File, Format Version 12.00
# Visual Studio Version 16
VisualStudioVersion = 16.0.31624.102
MinimumVisualStudioVersion = 10.0.40219.1
Project("{FAE04EC0-301F-11D3-BF4B-00C04F79EFBC}") = "Rocky", "Rocky\Rocky.csproj", "{16CAE726-F0CA-4E90-BB92-F037BCF3EB69}"
EndProject
Global
	GlobalSection(SolutionConfigurationPlatforms) = preSolution
		Debug|Any CPU = Debug|Any CPU
		Release|Any CPU = Release|Any CPU
	EndGlobalSection
	GlobalSection(ProjectConfigurationPlatforms) = postSolution
		{16CAE726-F0CA-4E90-BB92-F037BCF3EB69}.Debug|Any CPU.ActiveCfg = Debug|Any CPU
		{16CAE726-F0CA-4E90-BB92-F037BCF3EB69}.Debug|Any CPU.Build.0 = Debug|Any CPU
		{16CAE726-F0CA-4E90-BB92-F037BCF3EB69}.Release|Any CPU.ActiveCfg = Release|Any CPU
		{16CAE726-F0CA-4E90-BB92-F037BCF3EB69}.Release|Any CPU.Build.0 = Release|Any CPU
	EndGlobalSection
	GlobalSection(SolutionProperties) = preSolution
		HideSolutionNode = FALSE
	EndGlobalSection
	GlobalSection(ExtensibilityGlobals) = postSolution
		SolutionGuid = {CE02B68B-A8FB-4B03-B7CC-5C6FCC6FD117}
	EndGlobalSection
EndGlobal
